
Microsoft Visual Studio Solution File, Format Version 12.00
# Visual Studio Version 17
VisualStudioVersion = 17.8.34408.163
MinimumVisualStudioVersion = 10.0.40219.1
Project("{9A19103F-16F7-4668-BE54-9A1E7A4F7556}") = "Homework", "Homework\Homework.csproj", "{FCCD426E-9BEB-4822-828D-C408DBAE2F2C}"
EndProject
Global
	GlobalSection(SolutionConfigurationPlatforms) = preSolution
		Debug|Any CPU = Debug|Any CPU
		Release|Any CPU = Release|Any CPU
	EndGlobalSection
	GlobalSection(ProjectConfigurationPlatforms) = postSolution
		{FCCD426E-9BEB-4822-828D-C408DBAE2F2C}.Debug|Any CPU.ActiveCfg = Debug|Any CPU
		{FCCD426E-9BEB-4822-828D-C408DBAE2F2C}.Debug|Any CPU.Build.0 = Debug|Any CPU
		{FCCD426E-9BEB-4822-828D-C408DBAE2F2C}.Release|Any CPU.ActiveCfg = Release|Any CPU
		{FCCD426E-9BEB-4822-828D-C408DBAE2F2C}.Release|Any CPU.Build.0 = Release|Any CPU
	EndGlobalSection
	GlobalSection(SolutionProperties) = preSolution
		HideSolutionNode = FALSE
	EndGlobalSection
	GlobalSection(ExtensibilityGlobals) = postSolution
		SolutionGuid = {66C8899A-968C-49F7-95D6-E31B27BBAC0F}
	EndGlobalSection
EndGlobal
